
Microsoft Visual Studio Solution File, Format Version 12.00
# Visual Studio 15
VisualStudioVersion = 15.0.27004.2002
MinimumVisualStudioVersion = 10.0.40219.1
Project("{2150E333-8FDC-42A3-9474-1A3956D46DE8}") = "test", "test", "{95DA1F7E-B93F-4CC6-B9EF-23F25E6A4CD7}"
EndProject
Project("{FAE04EC0-301F-11D3-BF4B-00C04F79EFBC}") = "BattleShipTests", "test\BattleShipTests\BattleShipTests.csproj", "{A82F9715-4E8D-4505-8374-0AD033778642}"
	ProjectSection(ProjectDependencies) = postProject
		{2BBC2467-2E0C-47B5-8FD3-D0578CCAAF8E} = {2BBC2467-2E0C-47B5-8FD3-D0578CCAAF8E}
		{EE65DA6C-8EBC-44CE-9EFF-D0E193839E7A} = {EE65DA6C-8EBC-44CE-9EFF-D0E193839E7A}
	EndProjectSection
EndProject
Project("{2150E333-8FDC-42A3-9474-1A3956D46DE8}") = "src", "src", "{EBC82604-95F4-4D35-9613-9AF888555446}"
EndProject
Project("{FAE04EC0-301F-11D3-BF4B-00C04F79EFBC}") = "Actors.CSharp", "src\Actors\Actors.CSharp.csproj", "{EE65DA6C-8EBC-44CE-9EFF-D0E193839E7A}"
EndProject
Project("{FAE04EC0-301F-11D3-BF4B-00C04F79EFBC}") = "BattleShipConsole", "src\BattleShipConsole\BattleShipConsole.csproj", "{3E82192D-3926-4E03-A5C4-8216D09D1151}"
EndProject
Project("{FAE04EC0-301F-11D3-BF4B-00C04F79EFBC}") = "BattleShipServer", "src\BattleShipServer\BattleShipServer.csproj", "{86FD3656-4E20-4D55-8B0A-C85291419DF6}"
EndProject
Project("{FAE04EC0-301F-11D3-BF4B-00C04F79EFBC}") = "Messages.CSharp", "src\Messages\Messages.CSharp.csproj", "{2BBC2467-2E0C-47B5-8FD3-D0578CCAAF8E}"
EndProject
Project("{2150E333-8FDC-42A3-9474-1A3956D46DE8}") = "Solution Items", "Solution Items", "{7CEFDEE9-6463-43D1-935A-0104062033B4}"
	ProjectSection(SolutionItems) = preProject
		readme.md = readme.md
	EndProjectSection
EndProject
Project("{F2A71F9B-5D33-465A-A702-920D77279786}") = "Messages.FSharp", "src\Messages.FSharp\Messages.FSharp.fsproj", "{B9B905CB-0FF9-4A8D-93B7-743BCACCA8BD}"
EndProject
Global
	GlobalSection(SolutionConfigurationPlatforms) = preSolution
		Debug|Any CPU = Debug|Any CPU
		Release|Any CPU = Release|Any CPU
	EndGlobalSection
	GlobalSection(ProjectConfigurationPlatforms) = postSolution
		{A82F9715-4E8D-4505-8374-0AD033778642}.Debug|Any CPU.ActiveCfg = Debug|Any CPU
		{A82F9715-4E8D-4505-8374-0AD033778642}.Debug|Any CPU.Build.0 = Debug|Any CPU
		{A82F9715-4E8D-4505-8374-0AD033778642}.Release|Any CPU.ActiveCfg = Release|Any CPU
		{A82F9715-4E8D-4505-8374-0AD033778642}.Release|Any CPU.Build.0 = Release|Any CPU
		{EE65DA6C-8EBC-44CE-9EFF-D0E193839E7A}.Debug|Any CPU.ActiveCfg = Debug|Any CPU
		{EE65DA6C-8EBC-44CE-9EFF-D0E193839E7A}.Debug|Any CPU.Build.0 = Debug|Any CPU
		{EE65DA6C-8EBC-44CE-9EFF-D0E193839E7A}.Release|Any CPU.ActiveCfg = Release|Any CPU
		{EE65DA6C-8EBC-44CE-9EFF-D0E193839E7A}.Release|Any CPU.Build.0 = Release|Any CPU
		{3E82192D-3926-4E03-A5C4-8216D09D1151}.Debug|Any CPU.ActiveCfg = Debug|Any CPU
		{3E82192D-3926-4E03-A5C4-8216D09D1151}.Debug|Any CPU.Build.0 = Debug|Any CPU
		{3E82192D-3926-4E03-A5C4-8216D09D1151}.Release|Any CPU.ActiveCfg = Release|Any CPU
		{3E82192D-3926-4E03-A5C4-8216D09D1151}.Release|Any CPU.Build.0 = Release|Any CPU
		{86FD3656-4E20-4D55-8B0A-C85291419DF6}.Debug|Any CPU.ActiveCfg = Debug|Any CPU
		{86FD3656-4E20-4D55-8B0A-C85291419DF6}.Debug|Any CPU.Build.0 = Debug|Any CPU
		{86FD3656-4E20-4D55-8B0A-C85291419DF6}.Release|Any CPU.ActiveCfg = Release|Any CPU
		{86FD3656-4E20-4D55-8B0A-C85291419DF6}.Release|Any CPU.Build.0 = Release|Any CPU
		{2BBC2467-2E0C-47B5-8FD3-D0578CCAAF8E}.Debug|Any CPU.ActiveCfg = Debug|Any CPU
		{2BBC2467-2E0C-47B5-8FD3-D0578CCAAF8E}.Debug|Any CPU.Build.0 = Debug|Any CPU
		{2BBC2467-2E0C-47B5-8FD3-D0578CCAAF8E}.Release|Any CPU.ActiveCfg = Release|Any CPU
		{2BBC2467-2E0C-47B5-8FD3-D0578CCAAF8E}.Release|Any CPU.Build.0 = Release|Any CPU
		{B9B905CB-0FF9-4A8D-93B7-743BCACCA8BD}.Debug|Any CPU.ActiveCfg = Debug|Any CPU
		{B9B905CB-0FF9-4A8D-93B7-743BCACCA8BD}.Debug|Any CPU.Build.0 = Debug|Any CPU
		{B9B905CB-0FF9-4A8D-93B7-743BCACCA8BD}.Release|Any CPU.ActiveCfg = Release|Any CPU
		{B9B905CB-0FF9-4A8D-93B7-743BCACCA8BD}.Release|Any CPU.Build.0 = Release|Any CPU
	EndGlobalSection
	GlobalSection(SolutionProperties) = preSolution
		HideSolutionNode = FALSE
	EndGlobalSection
	GlobalSection(NestedProjects) = preSolution
		{A82F9715-4E8D-4505-8374-0AD033778642} = {95DA1F7E-B93F-4CC6-B9EF-23F25E6A4CD7}
		{EE65DA6C-8EBC-44CE-9EFF-D0E193839E7A} = {EBC82604-95F4-4D35-9613-9AF888555446}
		{3E82192D-3926-4E03-A5C4-8216D09D1151} = {EBC82604-95F4-4D35-9613-9AF888555446}
		{86FD3656-4E20-4D55-8B0A-C85291419DF6} = {EBC82604-95F4-4D35-9613-9AF888555446}
		{2BBC2467-2E0C-47B5-8FD3-D0578CCAAF8E} = {EBC82604-95F4-4D35-9613-9AF888555446}
		{B9B905CB-0FF9-4A8D-93B7-743BCACCA8BD} = {EBC82604-95F4-4D35-9613-9AF888555446}
	EndGlobalSection
	GlobalSection(ExtensibilityGlobals) = postSolution
		SolutionGuid = {29E059DA-75DB-471B-8BC6-F575E6980314}
	EndGlobalSection
EndGlobal
